
Microsoft Visual Studio Solution File, Format Version 12.00
# Visual Studio Version 17
VisualStudioVersion = 17.9.34622.214
MinimumVisualStudioVersion = 10.0.40219.1
Project("{FAE04EC0-301F-11D3-BF4B-00C04F79EFBC}") = "ETicaretAPI", "ETicaretAPI\ETicaretAPI.csproj", "{B4A6DAEA-F38B-4AB0-B4BB-B5436830FFBD}"
EndProject
Global
	GlobalSection(SolutionConfigurationPlatforms) = preSolution
		Debug|Any CPU = Debug|Any CPU
		Release|Any CPU = Release|Any CPU
	EndGlobalSection
	GlobalSection(ProjectConfigurationPlatforms) = postSolution
		{B4A6DAEA-F38B-4AB0-B4BB-B5436830FFBD}.Debug|Any CPU.ActiveCfg = Debug|Any CPU
		{B4A6DAEA-F38B-4AB0-B4BB-B5436830FFBD}.Debug|Any CPU.Build.0 = Debug|Any CPU
		{B4A6DAEA-F38B-4AB0-B4BB-B5436830FFBD}.Release|Any CPU.ActiveCfg = Release|Any CPU
		{B4A6DAEA-F38B-4AB0-B4BB-B5436830FFBD}.Release|Any CPU.Build.0 = Release|Any CPU
	EndGlobalSection
	GlobalSection(SolutionProperties) = preSolution
		HideSolutionNode = FALSE
	EndGlobalSection
	GlobalSection(ExtensibilityGlobals) = postSolution
		SolutionGuid = {87D0CFEE-78B6-4E91-AF9A-20BD80BB342B}
	EndGlobalSection
EndGlobal
